
Microsoft Visual Studio Solution File, Format Version 10.00
# Visual Studio 2008
Project("{FAE04EC0-301F-11D3-BF4B-00C04F79EFBC}") = "MSN2Mail", "MSN2Mail\MSN2Mail.csproj", "{B55C4BE5-1569-49B0-B175-1D7D68555C7E}"
EndProject
Global
	GlobalSection(SolutionConfigurationPlatforms) = preSolution
		Debug|Any CPU = Debug|Any CPU
		Release|Any CPU = Release|Any CPU
	EndGlobalSection
	GlobalSection(ProjectConfigurationPlatforms) = postSolution
		{B55C4BE5-1569-49B0-B175-1D7D68555C7E}.Debug|Any CPU.ActiveCfg = Debug|Any CPU
		{B55C4BE5-1569-49B0-B175-1D7D68555C7E}.Debug|Any CPU.Build.0 = Debug|Any CPU
		{B55C4BE5-1569-49B0-B175-1D7D68555C7E}.Release|Any CPU.ActiveCfg = Release|Any CPU
		{B55C4BE5-1569-49B0-B175-1D7D68555C7E}.Release|Any CPU.Build.0 = Release|Any CPU
	EndGlobalSection
	GlobalSection(SolutionProperties) = preSolution
		HideSolutionNode = FALSE
	EndGlobalSection
EndGlobal
