
Microsoft Visual Studio Solution File, Format Version 10.00
# Visual Studio 2008
Project("{FAE04EC0-301F-11D3-BF4B-00C04F79EFBC}") = "router", "router\router.csproj", "{629548FF-6459-4DCB-8DF2-9F8E6282ECF0}"
EndProject
Global
	GlobalSection(SolutionConfigurationPlatforms) = preSolution
		Debug|Any CPU = Debug|Any CPU
		Release|Any CPU = Release|Any CPU
	EndGlobalSection
	GlobalSection(ProjectConfigurationPlatforms) = postSolution
		{629548FF-6459-4DCB-8DF2-9F8E6282ECF0}.Debug|Any CPU.ActiveCfg = Debug|Any CPU
		{629548FF-6459-4DCB-8DF2-9F8E6282ECF0}.Debug|Any CPU.Build.0 = Debug|Any CPU
		{629548FF-6459-4DCB-8DF2-9F8E6282ECF0}.Release|Any CPU.ActiveCfg = Release|Any CPU
		{629548FF-6459-4DCB-8DF2-9F8E6282ECF0}.Release|Any CPU.Build.0 = Release|Any CPU
	EndGlobalSection
	GlobalSection(SolutionProperties) = preSolution
		HideSolutionNode = FALSE
	EndGlobalSection
EndGlobal
